
Microsoft Visual Studio Solution File, Format Version 12.00
# Visual Studio Version 17
VisualStudioVersion = 17.0.32126.317
MinimumVisualStudioVersion = 10.0.40219.1
Project("{FAE04EC0-301F-11D3-BF4B-00C04F79EFBC}") = "Chemistry Tools", "Chemistry Tools\Chemistry Tools.csproj", "{D1377ABD-E8C0-4E30-B1CE-C58FFE9E4EE1}"
EndProject
Global
	GlobalSection(SolutionConfigurationPlatforms) = preSolution
		Debug|Any CPU = Debug|Any CPU
		Release|Any CPU = Release|Any CPU
	EndGlobalSection
	GlobalSection(ProjectConfigurationPlatforms) = postSolution
		{D1377ABD-E8C0-4E30-B1CE-C58FFE9E4EE1}.Debug|Any CPU.ActiveCfg = Debug|Any CPU
		{D1377ABD-E8C0-4E30-B1CE-C58FFE9E4EE1}.Debug|Any CPU.Build.0 = Debug|Any CPU
		{D1377ABD-E8C0-4E30-B1CE-C58FFE9E4EE1}.Release|Any CPU.ActiveCfg = Release|Any CPU
		{D1377ABD-E8C0-4E30-B1CE-C58FFE9E4EE1}.Release|Any CPU.Build.0 = Release|Any CPU
	EndGlobalSection
	GlobalSection(SolutionProperties) = preSolution
		HideSolutionNode = FALSE
	EndGlobalSection
	GlobalSection(ExtensibilityGlobals) = postSolution
		SolutionGuid = {3B8E370C-6F98-408D-A3FD-F0D9D578872B}
	EndGlobalSection
EndGlobal
